
Microsoft Visual Studio Solution File, Format Version 12.00
# Visual Studio Version 17
VisualStudioVersion = 17.0.31912.275
MinimumVisualStudioVersion = 10.0.40219.1
Project("{FAE04EC0-301F-11D3-BF4B-00C04F79EFBC}") = "SimpleBankAPI", "SimpleBankAPI\SimpleBankAPI.csproj", "{CC39928B-40EC-4674-A2DB-E85890A70A6A}"
EndProject
Project("{FAE04EC0-301F-11D3-BF4B-00C04F79EFBC}") = "Data", "Data\Data.csproj", "{1C03BD62-9B0E-44D1-BE9A-E9E6F6CFB7B4}"
EndProject
Project("{FAE04EC0-301F-11D3-BF4B-00C04F79EFBC}") = "Logic", "Logic\Logic.csproj", "{1FA2F793-C707-44CA-BECE-0A7FAA2677A5}"
EndProject
Project("{FAE04EC0-301F-11D3-BF4B-00C04F79EFBC}") = "CrossCuttingConcern", "CrossCuttingConcern\CrossCuttingConcern.csproj", "{501C92C3-3D0F-400A-B497-348C1B2BD6EB}"
EndProject
Global
	GlobalSection(SolutionConfigurationPlatforms) = preSolution
		Debug|Any CPU = Debug|Any CPU
		Release|Any CPU = Release|Any CPU
	EndGlobalSection
	GlobalSection(ProjectConfigurationPlatforms) = postSolution
		{CC39928B-40EC-4674-A2DB-E85890A70A6A}.Debug|Any CPU.ActiveCfg = Debug|Any CPU
		{CC39928B-40EC-4674-A2DB-E85890A70A6A}.Debug|Any CPU.Build.0 = Debug|Any CPU
		{CC39928B-40EC-4674-A2DB-E85890A70A6A}.Release|Any CPU.ActiveCfg = Release|Any CPU
		{CC39928B-40EC-4674-A2DB-E85890A70A6A}.Release|Any CPU.Build.0 = Release|Any CPU
		{1C03BD62-9B0E-44D1-BE9A-E9E6F6CFB7B4}.Debug|Any CPU.ActiveCfg = Debug|Any CPU
		{1C03BD62-9B0E-44D1-BE9A-E9E6F6CFB7B4}.Debug|Any CPU.Build.0 = Debug|Any CPU
		{1C03BD62-9B0E-44D1-BE9A-E9E6F6CFB7B4}.Release|Any CPU.ActiveCfg = Release|Any CPU
		{1C03BD62-9B0E-44D1-BE9A-E9E6F6CFB7B4}.Release|Any CPU.Build.0 = Release|Any CPU
		{1FA2F793-C707-44CA-BECE-0A7FAA2677A5}.Debug|Any CPU.ActiveCfg = Debug|Any CPU
		{1FA2F793-C707-44CA-BECE-0A7FAA2677A5}.Debug|Any CPU.Build.0 = Debug|Any CPU
		{1FA2F793-C707-44CA-BECE-0A7FAA2677A5}.Release|Any CPU.ActiveCfg = Release|Any CPU
		{1FA2F793-C707-44CA-BECE-0A7FAA2677A5}.Release|Any CPU.Build.0 = Release|Any CPU
		{501C92C3-3D0F-400A-B497-348C1B2BD6EB}.Debug|Any CPU.ActiveCfg = Debug|Any CPU
		{501C92C3-3D0F-400A-B497-348C1B2BD6EB}.Debug|Any CPU.Build.0 = Debug|Any CPU
		{501C92C3-3D0F-400A-B497-348C1B2BD6EB}.Release|Any CPU.ActiveCfg = Release|Any CPU
		{501C92C3-3D0F-400A-B497-348C1B2BD6EB}.Release|Any CPU.Build.0 = Release|Any CPU
	EndGlobalSection
	GlobalSection(SolutionProperties) = preSolution
		HideSolutionNode = FALSE
	EndGlobalSection
	GlobalSection(ExtensibilityGlobals) = postSolution
		SolutionGuid = {7643417C-E842-464E-903F-5BC6DADC5F0D}
	EndGlobalSection
EndGlobal
